
Microsoft Visual Studio Solution File, Format Version 12.00
# Visual Studio Version 16
VisualStudioVersion = 16.0.29709.97
MinimumVisualStudioVersion = 10.0.40219.1
Project("{FAE04EC0-301F-11D3-BF4B-00C04F79EFBC}") = "Gomes.App01", "Gomes.App01\Gomes.App01.csproj", "{949558FA-AA51-4F10-9C96-8C6AE20F643B}"
EndProject
Global
	GlobalSection(SolutionConfigurationPlatforms) = preSolution
		Debug|Any CPU = Debug|Any CPU
		Release|Any CPU = Release|Any CPU
	EndGlobalSection
	GlobalSection(ProjectConfigurationPlatforms) = postSolution
		{949558FA-AA51-4F10-9C96-8C6AE20F643B}.Debug|Any CPU.ActiveCfg = Debug|Any CPU
		{949558FA-AA51-4F10-9C96-8C6AE20F643B}.Debug|Any CPU.Build.0 = Debug|Any CPU
		{949558FA-AA51-4F10-9C96-8C6AE20F643B}.Release|Any CPU.ActiveCfg = Release|Any CPU
		{949558FA-AA51-4F10-9C96-8C6AE20F643B}.Release|Any CPU.Build.0 = Release|Any CPU
	EndGlobalSection
	GlobalSection(SolutionProperties) = preSolution
		HideSolutionNode = FALSE
	EndGlobalSection
	GlobalSection(ExtensibilityGlobals) = postSolution
		SolutionGuid = {3F8D508A-D565-49EA-B277-A3012E9A2CA4}
	EndGlobalSection
EndGlobal
